
Microsoft Visual Studio Solution File, Format Version 12.00
# Visual Studio Version 17
VisualStudioVersion = 17.0.31903.59
MinimumVisualStudioVersion = 10.0.40219.1
Project("{FAE04EC0-301F-11D3-BF4B-00C04F79EFBC}") = "TestLib", "TestLib\TestLib.csproj", "{CFE46C46-18EB-441A-9487-688ACB2EEBAD}"
EndProject
Project("{FAE04EC0-301F-11D3-BF4B-00C04F79EFBC}") = "TestLib.Tests", "TestLib.Tests\TestLib.Tests.csproj", "{3DF78FA7-ACD7-4CC3-B43F-D0CAA2DF056F}"
EndProject
Project("{FAE04EC0-301F-11D3-BF4B-00C04F79EFBC}") = "GameConsole.Core.Abstractions", "GameConsole.Core.Abstractions\GameConsole.Core.Abstractions.csproj", "{271F1CE1-12CD-4525-B247-C43DDDF2BE3E}"
EndProject
Project("{FAE04EC0-301F-11D3-BF4B-00C04F79EFBC}") = "GameConsole.Core.Abstractions.Tests", "GameConsole.Core.Abstractions.Tests\GameConsole.Core.Abstractions.Tests.csproj", "{25B1F89C-6AC0-4B3D-A828-95E696EC2249}"
EndProject
Project("{FAE04EC0-301F-11D3-BF4B-00C04F79EFBC}") = "GameConsole.Core.Registry", "GameConsole.Core.Registry\GameConsole.Core.Registry.csproj", "{F7AB1E37-B15E-4357-A4AF-E4D3B5F24B40}"
EndProject
Project("{FAE04EC0-301F-11D3-BF4B-00C04F79EFBC}") = "GameConsole.Core.Registry.Tests", "GameConsole.Core.Registry.Tests\GameConsole.Core.Registry.Tests.csproj", "{5642E00A-B56A-4D5E-89BF-2F3C7B32FDAC}"
EndProject
Project("{FAE04EC0-301F-11D3-BF4B-00C04F79EFBC}") = "GameConsole.Engine.Core", "GameConsole.Engine.Core\GameConsole.Engine.Core.csproj", "{08061595-573C-41AB-996A-1C464786713C}"
EndProject
Project("{FAE04EC0-301F-11D3-BF4B-00C04F79EFBC}") = "GameConsole.Plugins.Core", "GameConsole.Plugins.Core\GameConsole.Plugins.Core.csproj", "{5A21FBDB-8E80-463A-8200-626DD351235C}"
EndProject
Project("{FAE04EC0-301F-11D3-BF4B-00C04F79EFBC}") = "GameConsole.Plugins.Core.Tests", "GameConsole.Plugins.Core.Tests\GameConsole.Plugins.Core.Tests.csproj", "{8216F138-6127-4C79-83A2-80147141726C}"
EndProject
Project("{FAE04EC0-301F-11D3-BF4B-00C04F79EFBC}") = "GameConsole.Input.Core", "GameConsole.Input.Core\GameConsole.Input.Core.csproj", "{D4A3B2F1-8E5C-4F7A-9B6D-2E3C1A0B9F8E}"
EndProject
Project("{FAE04EC0-301F-11D3-BF4B-00C04F79EFBC}") = "GameConsole.Input.Services", "GameConsole.Input.Services\GameConsole.Input.Services.csproj", "{E5B4C3G2-9F6D-5G8B-AC7E-3F4D2B1CA0G9F}"
EndProject
Project("{FAE04EC0-301F-11D3-BF4B-00C04F79EFBC}") = "GameConsole.Input.Services.Tests", "GameConsole.Input.Services.Tests\GameConsole.Input.Services.Tests.csproj", "{F6C5D4H3-AG7E-6H9C-BD8F-4G5E3C2DB1HAG}"
EndProject
Project("{FAE04EC0-301F-11D3-BF4B-00C04F79EFBC}") = "GameConsole.Graphics.Core", "GameConsole.Graphics.Core\GameConsole.Graphics.Core.csproj", "{A1B2C3D4-E5F6-7890-ABCD-EF1234567890}"
EndProject
Project("{FAE04EC0-301F-11D3-BF4B-00C04F79EFBC}") = "GameConsole.Graphics.Services", "GameConsole.Graphics.Services\GameConsole.Graphics.Services.csproj", "{B2C3D4E5-F678-90AB-CDEF-1234567890AB}"
EndProject
Project("{FAE04EC0-301F-11D3-BF4B-00C04F79EFBC}") = "GameConsole.Graphics.Services.Tests", "GameConsole.Graphics.Services.Tests\GameConsole.Graphics.Services.Tests.csproj", "{C3D4E5F6-G789-01BC-DEFG-234567890BCD}"
EndProject
Project("{FAE04EC0-301F-11D3-BF4B-00C04F79EFBC}") = "GameConsole.Plugins.Lifecycle", "GameConsole.Plugins.Lifecycle\GameConsole.Plugins.Lifecycle.csproj", "{D5E6F7G8-H901-2CDE-FGHI-345678901CDE}"
EndProject
Project("{FAE04EC0-301F-11D3-BF4B-00C04F79EFBC}") = "GameConsole.Audio.Core", "GameConsole.Audio.Core\GameConsole.Audio.Core.csproj", "{278AD054-39C6-4B83-960A-C05F5E9BB57C}"
EndProject
Project("{FAE04EC0-301F-11D3-BF4B-00C04F79EFBC}") = "GameConsole.Audio.Core.Tests", "GameConsole.Audio.Core.Tests\GameConsole.Audio.Core.Tests.csproj", "{5E8FF5B8-F7CB-4414-8C15-556837B009E4}"
EndProject
Project("{FAE04EC0-301F-11D3-BF4B-00C04F79EFBC}") = "GameConsole.AI.Services", "GameConsole.AI.Services\GameConsole.AI.Services.csproj", "{A1B2C3D4-1234-5678-9ABC-DEF123456789}"
EndProject
Project("{FAE04EC0-301F-11D3-BF4B-00C04F79EFBC}") = "GameConsole.AI.Services.Tests", "GameConsole.AI.Services.Tests\GameConsole.AI.Services.Tests.csproj", "{B2C3D4E5-2345-6789-ABCD-EF234567890A}"
EndProject
Global
	GlobalSection(SolutionConfigurationPlatforms) = preSolution
		Debug|Any CPU = Debug|Any CPU
		Release|Any CPU = Release|Any CPU
	EndGlobalSection
	GlobalSection(SolutionProperties) = preSolution
		HideSolutionNode = FALSE
	EndGlobalSection
	GlobalSection(ProjectConfigurationPlatforms) = postSolution
		{CFE46C46-18EB-441A-9487-688ACB2EEBAD}.Debug|Any CPU.ActiveCfg = Debug|Any CPU
		{CFE46C46-18EB-441A-9487-688ACB2EEBAD}.Debug|Any CPU.Build.0 = Debug|Any CPU
		{CFE46C46-18EB-441A-9487-688ACB2EEBAD}.Release|Any CPU.ActiveCfg = Release|Any CPU
		{CFE46C46-18EB-441A-9487-688ACB2EEBAD}.Release|Any CPU.Build.0 = Release|Any CPU
		{3DF78FA7-ACD7-4CC3-B43F-D0CAA2DF056F}.Debug|Any CPU.ActiveCfg = Debug|Any CPU
		{3DF78FA7-ACD7-4CC3-B43F-D0CAA2DF056F}.Debug|Any CPU.Build.0 = Debug|Any CPU
		{3DF78FA7-ACD7-4CC3-B43F-D0CAA2DF056F}.Release|Any CPU.ActiveCfg = Release|Any CPU
		{3DF78FA7-ACD7-4CC3-B43F-D0CAA2DF056F}.Release|Any CPU.Build.0 = Release|Any CPU
		{271F1CE1-12CD-4525-B247-C43DDDF2BE3E}.Debug|Any CPU.ActiveCfg = Debug|Any CPU
		{271F1CE1-12CD-4525-B247-C43DDDF2BE3E}.Debug|Any CPU.Build.0 = Debug|Any CPU
		{271F1CE1-12CD-4525-B247-C43DDDF2BE3E}.Release|Any CPU.ActiveCfg = Release|Any CPU
		{271F1CE1-12CD-4525-B247-C43DDDF2BE3E}.Release|Any CPU.Build.0 = Release|Any CPU
		{25B1F89C-6AC0-4B3D-A828-95E696EC2249}.Debug|Any CPU.ActiveCfg = Debug|Any CPU
		{25B1F89C-6AC0-4B3D-A828-95E696EC2249}.Debug|Any CPU.Build.0 = Debug|Any CPU
		{25B1F89C-6AC0-4B3D-A828-95E696EC2249}.Release|Any CPU.ActiveCfg = Release|Any CPU
		{25B1F89C-6AC0-4B3D-A828-95E696EC2249}.Release|Any CPU.Build.0 = Release|Any CPU
		{F7AB1E37-B15E-4357-A4AF-E4D3B5F24B40}.Debug|Any CPU.ActiveCfg = Debug|Any CPU
		{F7AB1E37-B15E-4357-A4AF-E4D3B5F24B40}.Debug|Any CPU.Build.0 = Debug|Any CPU
		{F7AB1E37-B15E-4357-A4AF-E4D3B5F24B40}.Release|Any CPU.ActiveCfg = Release|Any CPU
		{F7AB1E37-B15E-4357-A4AF-E4D3B5F24B40}.Release|Any CPU.Build.0 = Release|Any CPU
		{5642E00A-B56A-4D5E-89BF-2F3C7B32FDAC}.Debug|Any CPU.ActiveCfg = Debug|Any CPU
		{5642E00A-B56A-4D5E-89BF-2F3C7B32FDAC}.Debug|Any CPU.Build.0 = Debug|Any CPU
		{5642E00A-B56A-4D5E-89BF-2F3C7B32FDAC}.Release|Any CPU.ActiveCfg = Release|Any CPU
		{5642E00A-B56A-4D5E-89BF-2F3C7B32FDAC}.Release|Any CPU.Build.0 = Release|Any CPU
		{08061595-573C-41AB-996A-1C464786713C}.Debug|Any CPU.ActiveCfg = Debug|Any CPU
		{08061595-573C-41AB-996A-1C464786713C}.Debug|Any CPU.Build.0 = Debug|Any CPU
		{08061595-573C-41AB-996A-1C464786713C}.Release|Any CPU.ActiveCfg = Release|Any CPU
		{08061595-573C-41AB-996A-1C464786713C}.Release|Any CPU.Build.0 = Release|Any CPU
		{5A21FBDB-8E80-463A-8200-626DD351235C}.Debug|Any CPU.ActiveCfg = Debug|Any CPU
		{5A21FBDB-8E80-463A-8200-626DD351235C}.Debug|Any CPU.Build.0 = Debug|Any CPU
		{5A21FBDB-8E80-463A-8200-626DD351235C}.Release|Any CPU.ActiveCfg = Release|Any CPU
		{5A21FBDB-8E80-463A-8200-626DD351235C}.Release|Any CPU.Build.0 = Release|Any CPU
		{8216F138-6127-4C79-83A2-80147141726C}.Debug|Any CPU.ActiveCfg = Debug|Any CPU
		{8216F138-6127-4C79-83A2-80147141726C}.Debug|Any CPU.Build.0 = Debug|Any CPU
		{8216F138-6127-4C79-83A2-80147141726C}.Release|Any CPU.ActiveCfg = Release|Any CPU
		{8216F138-6127-4C79-83A2-80147141726C}.Release|Any CPU.Build.0 = Release|Any CPU
		{D4A3B2F1-8E5C-4F7A-9B6D-2E3C1A0B9F8E}.Debug|Any CPU.ActiveCfg = Debug|Any CPU
		{D4A3B2F1-8E5C-4F7A-9B6D-2E3C1A0B9F8E}.Debug|Any CPU.Build.0 = Debug|Any CPU
		{D4A3B2F1-8E5C-4F7A-9B6D-2E3C1A0B9F8E}.Release|Any CPU.ActiveCfg = Release|Any CPU
		{D4A3B2F1-8E5C-4F7A-9B6D-2E3C1A0B9F8E}.Release|Any CPU.Build.0 = Release|Any CPU
		{E5B4C3G2-9F6D-5G8B-AC7E-3F4D2B1CA0G9F}.Debug|Any CPU.ActiveCfg = Debug|Any CPU
		{E5B4C3G2-9F6D-5G8B-AC7E-3F4D2B1CA0G9F}.Debug|Any CPU.Build.0 = Debug|Any CPU
		{E5B4C3G2-9F6D-5G8B-AC7E-3F4D2B1CA0G9F}.Release|Any CPU.ActiveCfg = Release|Any CPU
		{E5B4C3G2-9F6D-5G8B-AC7E-3F4D2B1CA0G9F}.Release|Any CPU.Build.0 = Release|Any CPU
		{F6C5D4H3-AG7E-6H9C-BD8F-4G5E3C2DB1HAG}.Debug|Any CPU.ActiveCfg = Debug|Any CPU
		{F6C5D4H3-AG7E-6H9C-BD8F-4G5E3C2DB1HAG}.Debug|Any CPU.Build.0 = Debug|Any CPU
		{F6C5D4H3-AG7E-6H9C-BD8F-4G5E3C2DB1HAG}.Release|Any CPU.ActiveCfg = Release|Any CPU
		{F6C5D4H3-AG7E-6H9C-BD8F-4G5E3C2DB1HAG}.Release|Any CPU.Build.0 = Release|Any CPU
		{A1B2C3D4-E5F6-7890-ABCD-EF1234567890}.Debug|Any CPU.ActiveCfg = Debug|Any CPU
		{A1B2C3D4-E5F6-7890-ABCD-EF1234567890}.Debug|Any CPU.Build.0 = Debug|Any CPU
		{A1B2C3D4-E5F6-7890-ABCD-EF1234567890}.Release|Any CPU.ActiveCfg = Release|Any CPU
		{A1B2C3D4-E5F6-7890-ABCD-EF1234567890}.Release|Any CPU.Build.0 = Release|Any CPU
		{B2C3D4E5-F678-90AB-CDEF-1234567890AB}.Debug|Any CPU.ActiveCfg = Debug|Any CPU
		{B2C3D4E5-F678-90AB-CDEF-1234567890AB}.Debug|Any CPU.Build.0 = Debug|Any CPU
		{B2C3D4E5-F678-90AB-CDEF-1234567890AB}.Release|Any CPU.ActiveCfg = Release|Any CPU
		{B2C3D4E5-F678-90AB-CDEF-1234567890AB}.Release|Any CPU.Build.0 = Release|Any CPU
		{C3D4E5F6-G789-01BC-DEFG-234567890BCD}.Debug|Any CPU.ActiveCfg = Debug|Any CPU
		{C3D4E5F6-G789-01BC-DEFG-234567890BCD}.Debug|Any CPU.Build.0 = Debug|Any CPU
		{C3D4E5F6-G789-01BC-DEFG-234567890BCD}.Release|Any CPU.ActiveCfg = Release|Any CPU
		{C3D4E5F6-G789-01BC-DEFG-234567890BCD}.Release|Any CPU.Build.0 = Release|Any CPU
		{D5E6F7G8-H901-2CDE-FGHI-345678901CDE}.Debug|Any CPU.ActiveCfg = Debug|Any CPU
		{D5E6F7G8-H901-2CDE-FGHI-345678901CDE}.Debug|Any CPU.Build.0 = Debug|Any CPU
		{D5E6F7G8-H901-2CDE-FGHI-345678901CDE}.Release|Any CPU.ActiveCfg = Release|Any CPU
		{D5E6F7G8-H901-2CDE-FGHI-345678901CDE}.Release|Any CPU.Build.0 = Release|Any CPU
		{278AD054-39C6-4B83-960A-C05F5E9BB57C}.Debug|Any CPU.ActiveCfg = Debug|Any CPU
		{278AD054-39C6-4B83-960A-C05F5E9BB57C}.Debug|Any CPU.Build.0 = Debug|Any CPU
		{278AD054-39C6-4B83-960A-C05F5E9BB57C}.Release|Any CPU.ActiveCfg = Release|Any CPU
		{278AD054-39C6-4B83-960A-C05F5E9BB57C}.Release|Any CPU.Build.0 = Release|Any CPU
		{5E8FF5B8-F7CB-4414-8C15-556837B009E4}.Debug|Any CPU.ActiveCfg = Debug|Any CPU
		{5E8FF5B8-F7CB-4414-8C15-556837B009E4}.Debug|Any CPU.Build.0 = Debug|Any CPU
		{5E8FF5B8-F7CB-4414-8C15-556837B009E4}.Release|Any CPU.ActiveCfg = Release|Any CPU
		{5E8FF5B8-F7CB-4414-8C15-556837B009E4}.Release|Any CPU.Build.0 = Release|Any CPU
		{A1B2C3D4-1234-5678-9ABC-DEF123456789}.Debug|Any CPU.ActiveCfg = Debug|Any CPU
		{A1B2C3D4-1234-5678-9ABC-DEF123456789}.Debug|Any CPU.Build.0 = Debug|Any CPU
		{A1B2C3D4-1234-5678-9ABC-DEF123456789}.Release|Any CPU.ActiveCfg = Release|Any CPU
		{A1B2C3D4-1234-5678-9ABC-DEF123456789}.Release|Any CPU.Build.0 = Release|Any CPU
		{B2C3D4E5-2345-6789-ABCD-EF234567890A}.Debug|Any CPU.ActiveCfg = Debug|Any CPU
		{B2C3D4E5-2345-6789-ABCD-EF234567890A}.Debug|Any CPU.Build.0 = Debug|Any CPU
		{B2C3D4E5-2345-6789-ABCD-EF234567890A}.Release|Any CPU.ActiveCfg = Release|Any CPU
		{B2C3D4E5-2345-6789-ABCD-EF234567890A}.Release|Any CPU.Build.0 = Release|Any CPU
	EndGlobalSection
EndGlobal
